
Microsoft Visual Studio Solution File, Format Version 12.00
# Visual Studio Version 16
VisualStudioVersion = 16.0.34031.81
MinimumVisualStudioVersion = 10.0.40219.1
Project("{FAE04EC0-301F-11D3-BF4B-00C04F79EFBC}") = "Lab7POS", "Lab7POS\Lab7POS.csproj", "{DC0CBE6B-0776-4154-9476-851498932C2C}"
EndProject
Global
	GlobalSection(SolutionConfigurationPlatforms) = preSolution
		Debug|Any CPU = Debug|Any CPU
		Release|Any CPU = Release|Any CPU
	EndGlobalSection
	GlobalSection(ProjectConfigurationPlatforms) = postSolution
		{DC0CBE6B-0776-4154-9476-851498932C2C}.Debug|Any CPU.ActiveCfg = Debug|Any CPU
		{DC0CBE6B-0776-4154-9476-851498932C2C}.Debug|Any CPU.Build.0 = Debug|Any CPU
		{DC0CBE6B-0776-4154-9476-851498932C2C}.Release|Any CPU.ActiveCfg = Release|Any CPU
		{DC0CBE6B-0776-4154-9476-851498932C2C}.Release|Any CPU.Build.0 = Release|Any CPU
	EndGlobalSection
	GlobalSection(SolutionProperties) = preSolution
		HideSolutionNode = FALSE
	EndGlobalSection
	GlobalSection(ExtensibilityGlobals) = postSolution
		SolutionGuid = {2397C8AD-8157-4EAC-8F9D-5E0E42B1DFEC}
	EndGlobalSection
EndGlobal
